{
  "requires": true,
  "lockfileVersion": 1,
  "dependencies": {
    "css-selector-parser": {
      "version": "1.4.1",
      "resolved": "https://registry.npm.taobao.org/css-selector-parser/download/css-selector-parser-1.4.1.tgz",
      "integrity": "sha1-A/nLioHD5assUWhFV9Wq9tJWl1k="
    }
  }
}
